// !$*UTF8*$!
{
	archiveVersion = 1;
	classes = {
	};
	objectVersion = 46;
	objects = {

/* Begin PBXBuildFile section */
		C853CA121A2D3D5A00D8355D /* main.m in Sources */ = {isa = PBXBuildFile; fileRef = C853CA111A2D3D5A00D8355D /* main.m */; };
		C853CA151A2D3D5A00D8355D /* AppDelegate.m in Sources */ = {isa = PBXBuildFile; fileRef = C853CA141A2D3D5A00D8355D /* AppDelegate.m */; };
		C853CA181A2D3D5A00D8355D /* ViewController.m in Sources */ = {isa = PBXBuildFile; fileRef = C853CA171A2D3D5A00D8355D /* ViewController.m */; };
		C853CA1B1A2D3D5A00D8355D /* Main.storyboard in Resources */ = {isa = PBXBuildFile; fileRef = C853CA191A2D3D5A00D8355D /* Main.storyboard */; };
		C853CA1D1A2D3D5A00D8355D /* Images.xcassets in Resources */ = {isa = PBXBuildFile; fileRef = C853CA1C1A2D3D5A00D8355D /* Images.xcassets */; };
		C853CA201A2D3D5A00D8355D /* LaunchScreen.xib in Resources */ = {isa = PBXBuildFile; fileRef = C853CA1E1A2D3D5A00D8355D /* LaunchScreen.xib */; };
		C853CA2C1A2D3D5A00D8355D /* TODO_LISTTests.m in Sources */ = {isa = PBXBuildFile; fileRef = C853CA2B1A2D3D5A00D8355D /* TODO_LISTTests.m */; };
/* End PBXBuildFile section */

/* Begin PBXContainerItemProxy section */
		C853CA261A2D3D5A00D8355D /* PBXContainerItemProxy */ = {
			isa = PBXContainerItemProxy;
			containerPortal = C853CA041A2D3D5A00D8355D /* Project object */;
			proxyType = 1;
			remoteGlobalIDString = C853CA0B1A2D3D5A00D8355D;
			remoteInfo = "TODO-LIST";
		};
/* End PBXContainerItemProxy section */

/* Begin PBXFileReference section */
		C853CA0C1A2D3D5A00D8355D /* TODO-LIST.app */ = {isa = PBXFileReference; explicitFileType = wrapper.application; includeInIndex = 0; path = "TODO-LIST.app"; sourceTree = BUILT_PRODUCTS_DIR; };
		C853CA101A2D3D5A00D8355D /* Info.plist */ = {isa = PBXFileReference; lastKnownFileType = text.plist.xml; path = Info.plist; sourceTree = "<group>"; };
		C853CA111A2D3D5A00D8355D /* main.m */ = {isa = PBXFileReference; lastKnownFileType = sourcecode.c.objc; path = main.m; sourceTree = "<group>"; };
		C853CA131A2D3D5A00D8355D /* AppDelegate.h */ = {isa = PBXFileReference; lastKnownFileType = sourcecode.c.h; path = AppDelegate.h; sourceTree = "<group>"; };
		C853CA141A2D3D5A00D8355D /* AppDelegate.m */ = {isa = PBXFileReference; lastKnownFileType = sourcecode.c.objc; path = AppDelegate.m; sourceTree = "<group>"; };
		C853CA161A2D3D5A00D8355D /* ViewController.h */ = {isa = PBXFileReference; lastKnownFileType = sourcecode.c.h; path = ViewController.h; sourceTree = "<group>"; };
		C853CA171A2D3D5A00D8355D /* ViewController.m */ = {isa = PBXFileReference; lastKnownFileType = sourcecode.c.objc; path = ViewController.m; sourceTree = "<group>"; };
		C853CA1A1A2D3D5A00D8355D /* Base */ = {isa = PBXFileReference; lastKnownFileType = file.storyboard; name = Base; path = Base.lproj/Main.storyboard; sourceTree = "<group>"; };
		C853CA1C1A2D3D5A00D8355D /* Images.xcassets */ = {isa = PBXFileReference; lastKnownFileType = folder.assetcatalog; path = Images.xcassets; sourceTree = "<group>"; };
		C853CA1F1A2D3D5A00D8355D /* Base */ = {isa = PBXFileReference; lastKnownFileType = file.xib; name = Base; path = Base.lproj/LaunchScreen.xib; sourceTree = "<group>"; };
		C853CA251A2D3D5A00D8355D /* TODO-LISTTests.xctest */ = {isa = PBXFileReference; explicitFileType = wrapper.cfbundle; includeInIndex = 0; path = "TODO-LISTTests.xctest"; sourceTree = BUILT_PRODUCTS_DIR; };
		C853CA2A1A2D3D5A00D8355D /* Info.plist */ = {isa = PBXFileReference; lastKnownFileType = text.plist.xml; path = Info.plist; sourceTree = "<group>"; };
		C853CA2B1A2D3D5A00D8355D /* TODO_LISTTests.m */ = {isa = PBXFileReference; lastKnownFileType = sourcecode.c.objc; path = TODO_LISTTests.m; sourceTree = "<group>"; };
/* End PBXFileReference section */

/* Begin PBXFrameworksBuildPhase section */
		C853CA091A2D3D5A00D8355D /* Frameworks */ = {
			isa = PBXFrameworksBuildPhase;
			buildActionMask = 2147483647;
			files = (
			);
			runOnlyForDeploymentPostprocessing = 0;
		};
		C853CA221A2D3D5A00D8355D /* Frameworks */ = {
			isa = PBXFrameworksBuildPhase;
			buildActionMask = 2147483647;
			files = (
			);
			runOnlyForDeploymentPostprocessing = 0;
		};
/* End PBXFrameworksBuildPhase section */

/* Begin PBXGroup section */
		C853CA031A2D3D5A00D8355D = {
			isa = PBXGroup;
			children = (
				C853CA0E1A2D3D5A00D8355D /* TODO-LIST */,
				C853CA281A2D3D5A00D8355D /* TODO-LISTTests */,
				C853CA0D1A2D3D5A00D8355D /* Products */,
			);
			sourceTree = "<group>";
		};
		C853CA0D1A2D3D5A00D8355D /* Products */ = {
			isa = PBXGroup;
			children = (
				C853CA0C1A2D3D5A00D8355D /* TODO-LIST.app */,
				C853CA251A2D3D5A00D8355D /* TODO-LISTTests.xctest */,
			);
			name = Products;
			sourceTree = "<group>";
		};
		C853CA0E1A2D3D5A00D8355D /* TODO-LIST */ = {
			isa = PBXGroup;
			children = (
				C853CA131A2D3D5A00D8355D /* AppDelegate.h */,
				C853CA141A2D3D5A00D8355D /* AppDelegate.m */,
				C853CA161A2D3D5A00D8355D /* ViewController.h */,
				C853CA171A2D3D5A00D8355D /* ViewController.m */,
				C853CA191A2D3D5A00D8355D /* Main.storyboard */,
				C853CA1C1A2D3D5A00D8355D /* Images.xcassets */,
				C853CA1E1A2D3D5A00D8355D /* LaunchScreen.xib */,
				C853CA0F1A2D3D5A00D8355D /* Supporting Files */,
			);
			path = "TODO-LIST";
			sourceTree = "<group>";
		};
		C853CA0F1A2D3D5A00D8355D /* Supporting Files */ = {
			isa = PBXGroup;
			children = (
				C853CA101A2D3D5A00D8355D /* Info.plist */,
				C853CA111A2D3D5A00D8355D /* main.m */,
			);
			name = "Supporting Files";
			sourceTree = "<group>";
		};
		C853CA281A2D3D5A00D8355D /* TODO-LISTTests */ = {
			isa = PBXGroup;
			children = (
				C853CA2B1A2D3D5A00D8355D /* TODO_LISTTests.m */,
				C853CA291A2D3D5A00D8355D /* Supporting Files */,
			);
			path = "TODO-LISTTests";
			sourceTree = "<group>";
		};
		C853CA291A2D3D5A00D8355D /* Supporting Files */ = {
			isa = PBXGroup;
			children = (
				C853CA2A1A2D3D5A00D8355D /* Info.plist */,
			);
			name = "Supporting Files";
			sourceTree = "<group>";
		};
/* End PBXGroup section */

/* Begin PBXNativeTarget section */
		C853CA0B1A2D3D5A00D8355D /* TODO-LIST */ = {
			isa = PBXNativeTarget;
			buildConfigurationList = C853CA2F1A2D3D5A00D8355D /* Build configuration list for PBXNativeTarget "TODO-LIST" */;
			buildPhases = (
				C853CA081A2D3D5A00D8355D /* Sources */,
				C853CA091A2D3D5A00D8355D /* Frameworks */,
				C853CA0A1A2D3D5A00D8355D /* Resources */,
			);
			buildRules = (
			);
			dependencies = (
			);
			name = "TODO-LIST";
			productName = "TODO-LIST";
			productReference = C853CA0C1A2D3D5A00D8355D /* TODO-LIST.app */;
			productType = "com.apple.product-type.application";
		};
		C853CA241A2D3D5A00D8355D /* TODO-LISTTests */ = {
			isa = PBXNativeTarget;
			buildConfigurationList = C853CA321A2D3D5A00D8355D /* Build configuration list for PBXNativeTarget "TODO-LISTTests" */;
			buildPhases = (
				C853CA211A2D3D5A00D8355D /* Sources */,
				C853CA221A2D3D5A00D8355D /* Frameworks */,
				C853CA231A2D3D5A00D8355D /* Resources */,
			);
			buildRules = (
			);
			dependencies = (
				C853CA271A2D3D5A00D8355D /* PBXTargetDependency */,
			);
			name = "TODO-LISTTests";
			productName = "TODO-LISTTests";
			productReference = C853CA251A2D3D5A00D8355D /* TODO-LISTTests.xctest */;
			productType = "com.apple.product-type.bundle.unit-test";
		};
/* End PBXNativeTarget section */

/* Begin PBXProject section */
		C853CA041A2D3D5A00D8355D /* Project object */ = {
			isa = PBXProject;
			attributes = {
				LastUpgradeCheck = 0610;
				ORGANIZATIONNAME = CSE436;
				TargetAttributes = {
					C853CA0B1A2D3D5A00D8355D = {
						CreatedOnToolsVersion = 6.1;
					};
					C853CA241A2D3D5A00D8355D = {
						CreatedOnToolsVersion = 6.1;
						TestTargetID = C853CA0B1A2D3D5A00D8355D;
					};
				};
			};
			buildConfigurationList = C853CA071A2D3D5A00D8355D /* Build configuration list for PBXProject "TODO-LIST" */;
			compatibilityVersion = "Xcode 3.2";
			developmentRegion = English;
			hasScannedForEncodings = 0;
			knownRegions = (
				en,
				Base,
			);
			mainGroup = C853CA031A2D3D5A00D8355D;
			productRefGroup = C853CA0D1A2D3D5A00D8355D /* Products */;
			projectDirPath = "";
			projectRoot = "";
			targets = (
				C853CA0B1A2D3D5A00D8355D /* TODO-LIST */,
				C853CA241A2D3D5A00D8355D /* TODO-LISTTests */,
			);
		};
/* End PBXProject section */

/* Begin PBXResourcesBuildPhase section */
		C853CA0A1A2D3D5A00D8355D /* Resources */ = {
			isa = PBXResourcesBuildPhase;
			buildActionMask = 2147483647;
			files = (
				C853CA1B1A2D3D5A00D8355D /* Main.storyboard in Resources */,
				C853CA201A2D3D5A00D8355D /* LaunchScreen.xib in Resources */,
				C853CA1D1A2D3D5A00D8355D /* Images.xcassets in Resources */,
			);
			runOnlyForDeploymentPostprocessing = 0;
		};
		C853CA231A2D3D5A00D8355D /* Resources */ = {
			isa = PBXResourcesBuildPhase;
			buildActionMask = 2147483647;
			files = (
			);
			runOnlyForDeploymentPostprocessing = 0;
		};
/* End PBXResourcesBuildPhase section */

/* Begin PBXSourcesBuildPhase section */
		C853CA081A2D3D5A00D8355D /* Sources */ = {
			isa = PBXSourcesBuildPhase;
			buildActionMask = 2147483647;
			files = (
				C853CA181A2D3D5A00D8355D /* ViewController.m in Sources */,
				C853CA151A2D3D5A00D8355D /* AppDelegate.m in Sources */,
				C853CA121A2D3D5A00D8355D /* main.m in Sources */,
			);
			runOnlyForDeploymentPostprocessing = 0;
		};
		C853CA211A2D3D5A00D8355D /* Sources */ = {
			isa = PBXSourcesBuildPhase;
			buildActionMask = 2147483647;
			files = (
				C853CA2C1A2D3D5A00D8355D /* TODO_LISTTests.m in Sources */,
			);
			runOnlyForDeploymentPostprocessing = 0;
		};
/* End PBXSourcesBuildPhase section */

/* Begin PBXTargetDependency section */
		C853CA271A2D3D5A00D8355D /* PBXTargetDependency */ = {
			isa = PBXTargetDependency;
			target = C853CA0B1A2D3D5A00D8355D /* TODO-LIST */;
			targetProxy = C853CA261A2D3D5A00D8355D /* PBXContainerItemProxy */;
		};
/* End PBXTargetDependency section */

/* Begin PBXVariantGroup section */
		C853CA191A2D3D5A00D8355D /* Main.storyboard */ = {
			isa = PBXVariantGroup;
			children = (
				C853CA1A1A2D3D5A00D8355D /* Base */,
			);
			name = Main.storyboard;
			sourceTree = "<group>";
		};
		C853CA1E1A2D3D5A00D8355D /* LaunchScreen.xib */ = {
			isa = PBXVariantGroup;
			children = (
				C853CA1F1A2D3D5A00D8355D /* Base */,
			);
			name = LaunchScreen.xib;
			sourceTree = "<group>";
		};
/* End PBXVariantGroup section */

/* Begin XCBuildConfiguration section */
		C853CA2D1A2D3D5A00D8355D /* Debug */ = {
			isa = XCBuildConfiguration;
			buildSettings = {
				ALWAYS_SEARCH_USER_PATHS = NO;
				CLANG_CXX_LANGUAGE_STANDARD = "gnu++0x";
				CLANG_CXX_LIBRARY = "libc++";
				CLANG_ENABLE_MODULES = YES;
				CLANG_ENABLE_OBJC_ARC = YES;
				CLANG_WARN_BOOL_CONVERSION = YES;
				CLANG_WARN_CONSTANT_CONVERSION = YES;
				CLANG_WARN_DIRECT_OBJC_ISA_USAGE = YES_ERROR;
				CLANG_WARN_EMPTY_BODY = YES;
				CLANG_WARN_ENUM_CONVERSION = YES;
				CLANG_WARN_INT_CONVERSION = YES;
				CLANG_WARN_OBJC_ROOT_CLASS = YES_ERROR;
				CLANG_WARN_UNREACHABLE_CODE = YES;
				CLANG_WARN__DUPLICATE_METHOD_MATCH = YES;
				"CODE_SIGN_IDENTITY[sdk=iphoneos*]" = "iPhone Developer";
				COPY_PHASE_STRIP = NO;
				ENABLE_STRICT_OBJC_MSGSEND = YES;
				GCC_C_LANGUAGE_STANDARD = gnu99;
				GCC_DYNAMIC_NO_PIC = NO;
				GCC_OPTIMIZATION_LEVEL = 0;
				GCC_PREPROCESSOR_DEFINITIONS = (
					"DEBUG=1",
					"$(inherited)",
				);
				GCC_SYMBOLS_PRIVATE_EXTERN = NO;
				GCC_WARN_64_TO_32_BIT_CONVERSION = YES;
				GCC_WARN_ABOUT_RETURN_TYPE = YES_ERROR;
				GCC_WARN_UNDECLARED_SELECTOR = YES;
				GCC_WARN_UNINITIALIZED_AUTOS = YES_AGGRESSIVE;
				GCC_WARN_UNUSED_FUNCTION = YES;
				GCC_WARN_UNUSED_VARIABLE = YES;
				IPHONEOS_DEPLOYMENT_TARGET = 8.1;
				MTL_ENABLE_DEBUG_INFO = YES;
				ONLY_ACTIVE_ARCH = YES;
				SDKROOT = iphoneos;
			};
			name = Debug;
		};
		C853CA2E1A2D3D5A00D8355D /* Release */ = {
			isa = XCBuildConfiguration;
			buildSettings = {
				ALWAYS_SEARCH_USER_PATHS = NO;
				CLANG_CXX_LANGUAGE_STANDARD = "gnu++0x";
				CLANG_CXX_LIBRARY = "libc++";
				CLANG_ENABLE_MODULES = YES;
				CLANG_ENABLE_OBJC_ARC = YES;
				CLANG_WARN_BOOL_CONVERSION = YES;
				CLANG_WARN_CONSTANT_CONVERSION = YES;
				CLANG_WARN_DIRECT_OBJC_ISA_USAGE = YES_ERROR;
				CLANG_WARN_EMPTY_BODY = YES;
				CLANG_WARN_ENUM_CONVERSION = YES;
				CLANG_WARN_INT_CONVERSION = YES;
				CLANG_WARN_OBJC_ROOT_CLASS = YES_ERROR;
				CLANG_WARN_UNREACHABLE_CODE = YES;
				CLANG_WARN__DUPLICATE_METHOD_MATCH = YES;
				"CODE_SIGN_IDENTITY[sdk=iphoneos*]" = "iPhone Developer";
				COPY_PHASE_STRIP = YES;
				ENABLE_NS_ASSERTIONS = NO;
				ENABLE_STRICT_OBJC_MSGSEND = YES;
				GCC_C_LANGUAGE_STANDARD = gnu99;
				GCC_WARN_64_TO_32_BIT_CONVERSION = YES;
				GCC_WARN_ABOUT_RETURN_TYPE = YES_ERROR;
				GCC_WARN_UNDECLARED_SELECTOR = YES;
				GCC_WARN_UNINITIALIZED_AUTOS = YES_AGGRESSIVE;
				GCC_WARN_UNUSED_FUNCTION = YES;
				GCC_WARN_UNUSED_VARIABLE = YES;
				IPHONEOS_DEPLOYMENT_TARGET = 8.1;
				MTL_ENABLE_DEBUG_INFO = NO;
				SDKROOT = iphoneos;
				VALIDATE_PRODUCT = YES;
			};
			name = Release;
		};
		C853CA301A2D3D5A00D8355D /* Debug */ = {
			isa = XCBuildConfiguration;
			buildSettings = {
				ASSETCATALOG_COMPILER_APPICON_NAME = AppIcon;
				INFOPLIST_FILE = "TODO-LIST/Info.plist";
				LD_RUNPATH_SEARCH_PATHS = "$(inherited) @executable_path/Frameworks";
				PRODUCT_NAME = "$(TARGET_NAME)";
			};
			name = Debug;
		};
		C853CA311A2D3D5A00D8355D /* Release */ = {
			isa = XCBuildConfiguration;
			buildSettings = {
				ASSETCATALOG_COMPILER_APPICON_NAME = AppIcon;
				INFOPLIST_FILE = "TODO-LIST/Info.plist";
				LD_RUNPATH_SEARCH_PATHS = "$(inherited) @executable_path/Frameworks";
				PRODUCT_NAME = "$(TARGET_NAME)";
			};
			name = Release;
		};
		C853CA331A2D3D5A00D8355D /* Debug */ = {
			isa = XCBuildConfiguration;
			buildSettings = {
				BUNDLE_LOADER = "$(TEST_HOST)";
				FRAMEWORK_SEARCH_PATHS = (
					"$(SDKROOT)/Developer/Library/Frameworks",
					"$(inherited)",
				);
				GCC_PREPROCESSOR_DEFINITIONS = (
					"DEBUG=1",
					"$(inherited)",
				);
				INFOPLIST_FILE = "TODO-LISTTests/Info.plist";
				LD_RUNPATH_SEARCH_PATHS = "$(inherited) @executable_path/Frameworks @loader_path/Frameworks";
				PRODUCT_NAME = "$(TARGET_NAME)";
				TEST_HOST = "$(BUILT_PRODUCTS_DIR)/TODO-LIST.app/TODO-LIST";
			};
			name = Debug;
		};
		C853CA341A2D3D5A00D8355D /* Release */ = {
			isa = XCBuildConfiguration;
			buildSettings = {
				BUNDLE_LOADER = "$(TEST_HOST)";
				FRAMEWORK_SEARCH_PATHS = (
					"$(SDKROOT)/Developer/Library/Frameworks",
					"$(inherited)",
				);
				INFOPLIST_FILE = "TODO-LISTTests/Info.plist";
				LD_RUNPATH_SEARCH_PATHS = "$(inherited) @executable_path/Frameworks @loader_path/Frameworks";
				PRODUCT_NAME = "$(TARGET_NAME)";
				TEST_HOST = "$(BUILT_PRODUCTS_DIR)/TODO-LIST.app/TODO-LIST";
			};
			name = Release;
		};
/* End XCBuildConfiguration section */

/* Begin XCConfigurationList section */
		C853CA071A2D3D5A00D8355D /* Build configuration list for PBXProject "TODO-LIST" */ = {
			isa = XCConfigurationList;
			buildConfigurations = (
				C853CA2D1A2D3D5A00D8355D /* Debug */,
				C853CA2E1A2D3D5A00D8355D /* Release */,
			);
			defaultConfigurationIsVisible = 0;
			defaultConfigurationName = Release;
		};
		C853CA2F1A2D3D5A00D8355D /* Build configuration list for PBXNativeTarget "TODO-LIST" */ = {
			isa = XCConfigurationList;
			buildConfigurations = (
				C853CA301A2D3D5A00D8355D /* Debug */,
				C853CA311A2D3D5A00D8355D /* Release */,
			);
			defaultConfigurationIsVisible = 0;
		};
		C853CA321A2D3D5A00D8355D /* Build configuration list for PBXNativeTarget "TODO-LISTTests" */ = {
			isa = XCConfigurationList;
			buildConfigurations = (
				C853CA331A2D3D5A00D8355D /* Debug */,
				C853CA341A2D3D5A00D8355D /* Release */,
			);
			defaultConfigurationIsVisible = 0;
		};
/* End XCConfigurationList section */
	};
	rootObject = C853CA041A2D3D5A00D8355D /* Project object */;
}
